
Microsoft Visual Studio Solution File, Format Version 12.00
# Visual Studio Version 17
VisualStudioVersion = 17.11.35312.102
MinimumVisualStudioVersion = 10.0.40219.1
Project("{FAE04EC0-301F-11D3-BF4B-00C04F79EFBC}") = "mvc-web-app", "mvc-web-app.csproj", "{D682152F-A929-4C41-8CF2-5A1D8D554BD0}"
EndProject
Global
	GlobalSection(SolutionConfigurationPlatforms) = preSolution
		Debug|Any CPU = Debug|Any CPU
		Release|Any CPU = Release|Any CPU
	EndGlobalSection
	GlobalSection(ProjectConfigurationPlatforms) = postSolution
		{D682152F-A929-4C41-8CF2-5A1D8D554BD0}.Debug|Any CPU.ActiveCfg = Debug|Any CPU
		{D682152F-A929-4C41-8CF2-5A1D8D554BD0}.Debug|Any CPU.Build.0 = Debug|Any CPU
		{D682152F-A929-4C41-8CF2-5A1D8D554BD0}.Release|Any CPU.ActiveCfg = Release|Any CPU
		{D682152F-A929-4C41-8CF2-5A1D8D554BD0}.Release|Any CPU.Build.0 = Release|Any CPU
	EndGlobalSection
	GlobalSection(SolutionProperties) = preSolution
		HideSolutionNode = FALSE
	EndGlobalSection
	GlobalSection(ExtensibilityGlobals) = postSolution
		SolutionGuid = {6555D76F-B8A0-468A-A4FD-B336612005AC}
	EndGlobalSection
EndGlobal
